{
  "name": "takaful-platform",
  "lockfileVersion": 3,
  "requires": true,
  "packages": {
    "": {
      "dependencies": {
        "dompurify": "^3.3.0",
        "validator": "^13.15.20"
      }
    },
    "node_modules/@types/trusted-types": {
      "version": "2.0.7",
      "license": "MIT",
      "optional": true
    },
    "node_modules/dompurify": {
      "version": "3.3.0",
      "license": "(MPL-2.0 OR Apache-2.0)",
      "optionalDependencies": {
        "@types/trusted-types": "^2.0.7"
      }
    },
    "node_modules/validator": {
      "version": "13.15.20",
      "license": "MIT",
      "engines": {
        "node": ">= 0.10"
      }
    }
  }
}
